
Microsoft Visual Studio Solution File, Format Version 12.00
# Visual Studio 15
VisualStudioVersion = 15.0.28010.2036
MinimumVisualStudioVersion = 10.0.40219.1
Project("{FAE04EC0-301F-11D3-BF4B-00C04F79EFBC}") = "Rent", "Rent\Rent.csproj", "{B01CCF7B-0554-4FDB-B57B-DFD2039C0F20}"
EndProject
Global
	GlobalSection(SolutionConfigurationPlatforms) = preSolution
		Debug|Any CPU = Debug|Any CPU
		Release|Any CPU = Release|Any CPU
	EndGlobalSection
	GlobalSection(ProjectConfigurationPlatforms) = postSolution
		{B01CCF7B-0554-4FDB-B57B-DFD2039C0F20}.Debug|Any CPU.ActiveCfg = Debug|Any CPU
		{B01CCF7B-0554-4FDB-B57B-DFD2039C0F20}.Debug|Any CPU.Build.0 = Debug|Any CPU
		{B01CCF7B-0554-4FDB-B57B-DFD2039C0F20}.Release|Any CPU.ActiveCfg = Release|Any CPU
		{B01CCF7B-0554-4FDB-B57B-DFD2039C0F20}.Release|Any CPU.Build.0 = Release|Any CPU
	EndGlobalSection
	GlobalSection(SolutionProperties) = preSolution
		HideSolutionNode = FALSE
	EndGlobalSection
	GlobalSection(ExtensibilityGlobals) = postSolution
		SolutionGuid = {035C708F-17B3-49BD-886B-E30CFBAA0A23}
	EndGlobalSection
EndGlobal
